
Microsoft Visual Studio Solution File, Format Version 12.00
# Visual Studio Version 17
VisualStudioVersion = 17.7.34031.279
MinimumVisualStudioVersion = 10.0.40219.1
Project("{FAE04EC0-301F-11D3-BF4B-00C04F79EFBC}") = "Utf8Library", "Utf8Library\Utf8Library.csproj", "{9696D772-EBB5-4098-BD41-B5C4D400910C}"
EndProject
Project("{FAE04EC0-301F-11D3-BF4B-00C04F79EFBC}") = "Utf8Library.App", "Utf8Library.App\Utf8Library.App.csproj", "{C7E4B4D5-55B0-4C86-9D07-CF03010111DA}"
EndProject
Global
	GlobalSection(SolutionConfigurationPlatforms) = preSolution
		Debug|Any CPU = Debug|Any CPU
		Release|Any CPU = Release|Any CPU
	EndGlobalSection
	GlobalSection(ProjectConfigurationPlatforms) = postSolution
		{9696D772-EBB5-4098-BD41-B5C4D400910C}.Debug|Any CPU.ActiveCfg = Debug|Any CPU
		{9696D772-EBB5-4098-BD41-B5C4D400910C}.Debug|Any CPU.Build.0 = Debug|Any CPU
		{9696D772-EBB5-4098-BD41-B5C4D400910C}.Release|Any CPU.ActiveCfg = Release|Any CPU
		{9696D772-EBB5-4098-BD41-B5C4D400910C}.Release|Any CPU.Build.0 = Release|Any CPU
		{C7E4B4D5-55B0-4C86-9D07-CF03010111DA}.Debug|Any CPU.ActiveCfg = Debug|Any CPU
		{C7E4B4D5-55B0-4C86-9D07-CF03010111DA}.Debug|Any CPU.Build.0 = Debug|Any CPU
		{C7E4B4D5-55B0-4C86-9D07-CF03010111DA}.Release|Any CPU.ActiveCfg = Release|Any CPU
		{C7E4B4D5-55B0-4C86-9D07-CF03010111DA}.Release|Any CPU.Build.0 = Release|Any CPU
	EndGlobalSection
	GlobalSection(SolutionProperties) = preSolution
		HideSolutionNode = FALSE
	EndGlobalSection
	GlobalSection(ExtensibilityGlobals) = postSolution
		SolutionGuid = {3509CD1D-2B74-48D6-89F0-1A7B7AF8C3C0}
	EndGlobalSection
EndGlobal
